# THIS IS AN AUTOGENERATED FILE. DO NOT EDIT THIS FILE DIRECTLY.
# yarn lockfile v1


"@octokit/openapi-types@^11.2.0":
  version "11.2.0"
  resolved "https://registry.yarnpkg.com/@octokit/openapi-types/-/openapi-types-11.2.0.tgz#b38d7fc3736d52a1e96b230c1ccd4a58a2f400a6"
  integrity sha512-PBsVO+15KSlGmiI8QAzaqvsNlZlrDlyAJYcrXBCvVUxCp7VnXjkwPoFHgjEJXx3WF9BAwkA6nfCUA7i9sODzKA==

"@octokit/request-error@^2.0.2":
  version "2.1.0"
  resolved "https://registry.yarnpkg.com/@octokit/request-error/-/request-error-2.1.0.tgz#9e150357831bfc788d13a4fd4b1913d60c74d677"
  integrity sha512-1VIvgXxs9WHSjicsRwq8PlR2LR2x6DwsJAaFgzdi0JfJoGSO8mYI/cHJQ+9FbN21aa+DrgNLnwObmyeSC8Rmpg==
  dependencies:
    "@octokit/types" "^6.0.3"
    deprecation "^2.0.0"
    once "^1.4.0"

"@octokit/types@^6.0.3":
  version "6.34.0"
  resolved "https://registry.yarnpkg.com/@octokit/types/-/types-6.34.0.tgz#c6021333334d1ecfb5d370a8798162ddf1ae8218"
  integrity sha512-s1zLBjWhdEI2zwaoSgyOFoKSl109CUcVBCc7biPJ3aAf6LGLU6szDvi31JPU7bxfla2lqfhjbbg/5DdFNxOwHw==
  dependencies:
    "@octokit/openapi-types" "^11.2.0"

"@octokit/webhooks-methods@^2.0.0":
  version "2.0.0"
  resolved "https://registry.yarnpkg.com/@octokit/webhooks-methods/-/webhooks-methods-2.0.0.tgz#1108b9ea661ca6c81e4a8bfa63a09eb27d5bc2db"
  integrity sha512-35cfQ4YWlnZnmZKmIxlGPUPLtbkF8lr/A/1Sk1eC0ddLMwQN06dOuLc+dI3YLQS+T+MoNt3DIQ0NynwgKPilig==

"@octokit/webhooks-types@5.5.1":
  version "5.5.1"
  resolved "https://registry.yarnpkg.com/@octokit/webhooks-types/-/webhooks-types-5.5.1.tgz#3ab94e890bee827302c6312e80497426d6627cbf"
  integrity sha512-FaBbqZS2e4fCdQvUqeBKpJJOVsRxGcrf0NA91WBXz9GP5/4xgQgdjpbzAcDOSfESBYDYD78HeI5VeihfCW28Ew==

"@octokit/webhooks@^9.23.0":
  version "9.23.0"
  resolved "https://registry.yarnpkg.com/@octokit/webhooks/-/webhooks-9.23.0.tgz#16fc24284afdf3e119d32928dd3f8b338890e56c"
  integrity sha512-4+imw+CajrKpafaE9oLCtXyU3ZAcCLwuoeZ3XmFruQZCEcBBJYE/juSFvU3x1HkFFeKwsUyr+nRikRwiK/VSmA==
  dependencies:
    "@octokit/request-error" "^2.0.2"
    "@octokit/webhooks-methods" "^2.0.0"
    "@octokit/webhooks-types" "5.5.1"
    aggregate-error "^3.1.0"

aggregate-error@^3.1.0:
  version "3.1.0"
  resolved "https://registry.yarnpkg.com/aggregate-error/-/aggregate-error-3.1.0.tgz#92670ff50f5359bdb7a3e0d40d0ec30c5737687a"
  integrity sha512-4I7Td01quW/RpocfNayFdFVk1qSuoh0E7JrbRJ16nH01HhKFQ88INq9Sd+nd72zqRySlr9BmDA8xlEJ6vJMrYA==
  dependencies:
    clean-stack "^2.0.0"
    indent-string "^4.0.0"

clean-stack@^2.0.0:
  version "2.2.0"
  resolved "https://registry.yarnpkg.com/clean-stack/-/clean-stack-2.2.0.tgz#ee8472dbb129e727b31e8a10a427dee9dfe4008b"
  integrity sha512-4diC9HaTE+KRAMWhDhrGOECgWZxoevMc5TlkObMqNSsVU62PYzXZ/SMTjzyGAFF1YusgxGcSWTEXBhp0CPwQ1A==

deprecation@^2.0.0:
  version "2.3.1"
  resolved "https://registry.yarnpkg.com/deprecation/-/deprecation-2.3.1.tgz#6368cbdb40abf3373b525ac87e4a260c3a700919"
  integrity sha512-xmHIy4F3scKVwMsQ4WnVaS8bHOx0DmVwRywosKhaILI0ywMDWPtBSku2HNxRvF7jtwDRsoEwYQSfbxj8b7RlJQ==

dotenv@^16.0.0:
  version "16.0.0"
  resolved "https://registry.yarnpkg.com/dotenv/-/dotenv-16.0.0.tgz#c619001253be89ebb638d027b609c75c26e47411"
  integrity sha512-qD9WU0MPM4SWLPJy/r2Be+2WgQj8plChsyrCNQzW/0WjvcJQiKQJ9mH3ZgB3fxbUUxgc/11ZJ0Fi5KiimWGz2Q==

eventsource@^2.0.0:
  version "2.0.0"
  resolved "https://registry.yarnpkg.com/eventsource/-/eventsource-2.0.0.tgz#c2255b7ff8ed237ca5e08f8b48fc6abff83daed9"
  integrity sha512-U9TI2qLWwedwiDLCbSUoSAPHGK2P7nT6/f25wBzMy9tWOKgFoNY4n+GYCPCYg3sGKrIoCmpChJoO3KKymcLo8A==

indent-string@^4.0.0:
  version "4.0.0"
  resolved "https://registry.yarnpkg.com/indent-string/-/indent-string-4.0.0.tgz#624f8f4497d619b2d9768531d58f4122854d7251"
  integrity sha512-EdDDZu4A2OyIK7Lr/2zG+w5jmbuk1DVBnEwREQvBzspBJkCEbRa8GxU1lghYcaGJCnRWibjDXlq779X1/y5xwg==

node-fetch@2:
  version "2.6.7"
  resolved "https://registry.yarnpkg.com/node-fetch/-/node-fetch-2.6.7.tgz#24de9fba827e3b4ae44dc8b20256a379160052ad"
  integrity sha512-ZjMPFEfVx5j+y2yF35Kzx5sF7kDzxuDj6ziH4FFbOp87zKDZNx8yExJIb05OGF4Nlt9IHFIMBkRl41VdvcNdbQ==
  dependencies:
    whatwg-url "^5.0.0"

once@^1.4.0:
  version "1.4.0"
  resolved "https://registry.yarnpkg.com/once/-/once-1.4.0.tgz#583b1aa775961d4b113ac17d9c50baef9dd76bd1"
  integrity sha1-WDsap3WWHUsROsF9nFC6753Xa9E=
  dependencies:
    wrappy "1"

parse-diff@^0.9.0:
  version "0.9.0"
  resolved "https://registry.yarnpkg.com/parse-diff/-/parse-diff-0.9.0.tgz#2e71b5dc5d8f4b9c19c471fd6325646dc9f21724"
  integrity sha512-Jn+VZORAezkfOXR6B40EZcXxdJBamtgBpfeoFH6hxD+p0e74nVaCL9SWlQj1ggc8b6AexgPKlDiiE0CMMZDSbQ==

tr46@~0.0.3:
  version "0.0.3"
  resolved "https://registry.yarnpkg.com/tr46/-/tr46-0.0.3.tgz#8184fd347dac9cdc185992f3a6622e14b9d9ab6a"
  integrity sha1-gYT9NH2snNwYWZLzpmIuFLnZq2o=

webidl-conversions@^3.0.0:
  version "3.0.1"
  resolved "https://registry.yarnpkg.com/webidl-conversions/-/webidl-conversions-3.0.1.tgz#24534275e2a7bc6be7bc86611cc16ae0a5654871"
  integrity sha1-JFNCdeKnvGvnvIZhHMFq4KVlSHE=

whatwg-url@^5.0.0:
  version "5.0.0"
  resolved "https://registry.yarnpkg.com/whatwg-url/-/whatwg-url-5.0.0.tgz#966454e8765462e37644d3626f6742ce8b70965d"
  integrity sha1-lmRU6HZUYuN2RNNib2dCzotwll0=
  dependencies:
    tr46 "~0.0.3"
    webidl-conversions "^3.0.0"

wrappy@1:
  version "1.0.2"
  resolved "https://registry.yarnpkg.com/wrappy/-/wrappy-1.0.2.tgz#b5243d8f3ec1aa35f1364605bc0d1036e30ab69f"
  integrity sha1-tSQ9jz7BqjXxNkYFvA0QNuMKtp8=
